
Microsoft Visual Studio Solution File, Format Version 12.00
# Visual Studio Version 16
VisualStudioVersion = 16.0.31005.135
MinimumVisualStudioVersion = 10.0.40219.1
Project("{FAE04EC0-301F-11D3-BF4B-00C04F79EFBC}") = "WPFClientSWFA", "WPFClientSWFA\WPFClientSWFA.csproj", "{94C14EBE-ECBB-41DF-B246-A71BFA82EDD6}"
EndProject
Global
	GlobalSection(SolutionConfigurationPlatforms) = preSolution
		Debug|Any CPU = Debug|Any CPU
		Release|Any CPU = Release|Any CPU
	EndGlobalSection
	GlobalSection(ProjectConfigurationPlatforms) = postSolution
		{94C14EBE-ECBB-41DF-B246-A71BFA82EDD6}.Debug|Any CPU.ActiveCfg = Debug|Any CPU
		{94C14EBE-ECBB-41DF-B246-A71BFA82EDD6}.Debug|Any CPU.Build.0 = Debug|Any CPU
		{94C14EBE-ECBB-41DF-B246-A71BFA82EDD6}.Release|Any CPU.ActiveCfg = Release|Any CPU
		{94C14EBE-ECBB-41DF-B246-A71BFA82EDD6}.Release|Any CPU.Build.0 = Release|Any CPU
	EndGlobalSection
	GlobalSection(SolutionProperties) = preSolution
		HideSolutionNode = FALSE
	EndGlobalSection
	GlobalSection(ExtensibilityGlobals) = postSolution
		SolutionGuid = {4C81DA4D-238D-401D-A678-BC9F03EE1C4A}
	EndGlobalSection
EndGlobal
